
Microsoft Visual Studio Solution File, Format Version 12.00
# Visual Studio Version 17
VisualStudioVersion = 17.14.36408.4 d17.14
MinimumVisualStudioVersion = 10.0.40219.1
Project("{FAE04EC0-301F-11D3-BF4B-00C04F79EFBC}") = "BookMate", "BookMate.csproj", "{4E3663E9-5D86-462A-9D73-9B3CF162C8FD}"
EndProject
Global
	GlobalSection(SolutionConfigurationPlatforms) = preSolution
		Debug|Any CPU = Debug|Any CPU
		Release|Any CPU = Release|Any CPU
	EndGlobalSection
	GlobalSection(ProjectConfigurationPlatforms) = postSolution
		{4E3663E9-5D86-462A-9D73-9B3CF162C8FD}.Debug|Any CPU.ActiveCfg = Debug|Any CPU
		{4E3663E9-5D86-462A-9D73-9B3CF162C8FD}.Debug|Any CPU.Build.0 = Debug|Any CPU
		{4E3663E9-5D86-462A-9D73-9B3CF162C8FD}.Release|Any CPU.ActiveCfg = Release|Any CPU
		{4E3663E9-5D86-462A-9D73-9B3CF162C8FD}.Release|Any CPU.Build.0 = Release|Any CPU
	EndGlobalSection
	GlobalSection(SolutionProperties) = preSolution
		HideSolutionNode = FALSE
	EndGlobalSection
	GlobalSection(ExtensibilityGlobals) = postSolution
		SolutionGuid = {C713CE2C-BB87-49B5-BEEC-C8B29AEA885F}
	EndGlobalSection
EndGlobal
